// !$*UTF8*$!
{
	archiveVersion = 1;
	classes = {
	};
	objectVersion = 50;
	objects = {

/* Begin PBXBuildFile section */
		C99C2FF7211B0C43005E949B /* AppDelegate.m in Sources */ = {isa = PBXBuildFile; fileRef = C99C2FF6211B0C43005E949B /* AppDelegate.m */; };
		C99C2FFA211B0C43005E949B /* ViewController.m in Sources */ = {isa = PBXBuildFile; fileRef = C99C2FF9211B0C43005E949B /* ViewController.m */; };
		C99C2FFD211B0C43005E949B /* Main.storyboard in Resources */ = {isa = PBXBuildFile; fileRef = C99C2FFB211B0C43005E949B /* Main.storyboard */; };
		C99C2FFF211B0C44005E949B /* Assets.xcassets in Resources */ = {isa = PBXBuildFile; fileRef = C99C2FFE211B0C44005E949B /* Assets.xcassets */; };
		C99C3002211B0C44005E949B /* LaunchScreen.storyboard in Resources */ = {isa = PBXBuildFile; fileRef = C99C3000211B0C44005E949B /* LaunchScreen.storyboard */; };
		C99C3005211B0C44005E949B /* main.m in Sources */ = {isa = PBXBuildFile; fileRef = C99C3004211B0C44005E949B /* main.m */; };
/* End PBXBuildFile section */

/* Begin PBXFileReference section */
		C99C2FF2211B0C43005E949B /* WaterfallLayout.app */ = {isa = PBXFileReference; explicitFileType = wrapper.application; includeInIndex = 0; path = WaterfallLayout.app; sourceTree = BUILT_PRODUCTS_DIR; };
		C99C2FF5211B0C43005E949B /* AppDelegate.h */ = {isa = PBXFileReference; lastKnownFileType = sourcecode.c.h; path = AppDelegate.h; sourceTree = "<group>"; };
		C99C2FF6211B0C43005E949B /* AppDelegate.m */ = {isa = PBXFileReference; lastKnownFileType = sourcecode.c.objc; path = AppDelegate.m; sourceTree = "<group>"; };
		C99C2FF8211B0C43005E949B /* ViewController.h */ = {isa = PBXFileReference; lastKnownFileType = sourcecode.c.h; path = ViewController.h; sourceTree = "<group>"; };
		C99C2FF9211B0C43005E949B /* ViewController.m */ = {isa = PBXFileReference; lastKnownFileType = sourcecode.c.objc; path = ViewController.m; sourceTree = "<group>"; };
		C99C2FFC211B0C43005E949B /* Base */ = {isa = PBXFileReference; lastKnownFileType = file.storyboard; name = Base; path = Base.lproj/Main.storyboard; sourceTree = "<group>"; };
		C99C2FFE211B0C44005E949B /* Assets.xcassets */ = {isa = PBXFileReference; lastKnownFileType = folder.assetcatalog; path = Assets.xcassets; sourceTree = "<group>"; };
		C99C3001211B0C44005E949B /* Base */ = {isa = PBXFileReference; lastKnownFileType = file.storyboard; name = Base; path = Base.lproj/LaunchScreen.storyboard; sourceTree = "<group>"; };
		C99C3003211B0C44005E949B /* Info.plist */ = {isa = PBXFileReference; lastKnownFileType = text.plist.xml; path = Info.plist; sourceTree = "<group>"; };
		C99C3004211B0C44005E949B /* main.m */ = {isa = PBXFileReference; lastKnownFileType = sourcecode.c.objc; path = main.m; sourceTree = "<group>"; };
/* End PBXFileReference section */

/* Begin PBXFrameworksBuildPhase section */
		C99C2FEF211B0C43005E949B /* Frameworks */ = {
			isa = PBXFrameworksBuildPhase;
			buildActionMask = 2147483647;
			files = (
			);
			runOnlyForDeploymentPostprocessing = 0;
		};
/* End PBXFrameworksBuildPhase section */

/* Begin PBXGroup section */
		C99C2FE9211B0C43005E949B = {
			isa = PBXGroup;
			children = (
				C99C2FF4211B0C43005E949B /* WaterfallLayout */,
				C99C2FF3211B0C43005E949B /* Products */,
			);
			sourceTree = "<group>";
		};
		C99C2FF3211B0C43005E949B /* Products */ = {
			isa = PBXGroup;
			children = (
				C99C2FF2211B0C43005E949B /* WaterfallLayout.app */,
			);
			name = Products;
			sourceTree = "<group>";
		};
		C99C2FF4211B0C43005E949B /* WaterfallLayout */ = {
			isa = PBXGroup;
			children = (
				C99C2FF5211B0C43005E949B /* AppDelegate.h */,
				C99C2FF6211B0C43005E949B /* AppDelegate.m */,
				C99C2FF8211B0C43005E949B /* ViewController.h */,
				C99C2FF9211B0C43005E949B /* ViewController.m */,
				C99C2FFB211B0C43005E949B /* Main.storyboard */,
				C99C2FFE211B0C44005E949B /* Assets.xcassets */,
				C99C3000211B0C44005E949B /* LaunchScreen.storyboard */,
				C99C3003211B0C44005E949B /* Info.plist */,
				C99C3004211B0C44005E949B /* main.m */,
			);
			path = WaterfallLayout;
			sourceTree = "<group>";
		};
/* End PBXGroup section */

/* Begin PBXNativeTarget section */
		C99C2FF1211B0C43005E949B /* WaterfallLayout */ = {
			isa = PBXNativeTarget;
			buildConfigurationList = C99C3008211B0C44005E949B /* Build configuration list for PBXNativeTarget "WaterfallLayout" */;
			buildPhases = (
				C99C2FEE211B0C43005E949B /* Sources */,
				C99C2FEF211B0C43005E949B /* Frameworks */,
				C99C2FF0211B0C43005E949B /* Resources */,
			);
			buildRules = (
			);
			dependencies = (
			);
			name = WaterfallLayout;
			productName = WaterfallLayout;
			productReference = C99C2FF2211B0C43005E949B /* WaterfallLayout.app */;
			productType = "com.apple.product-type.application";
		};
/* End PBXNativeTarget section */

/* Begin PBXProject section */
		C99C2FEA211B0C43005E949B /* Project object */ = {
			isa = PBXProject;
			attributes = {
				LastUpgradeCheck = 0940;
				ORGANIZATIONNAME = mob;
				TargetAttributes = {
					C99C2FF1211B0C43005E949B = {
						CreatedOnToolsVersion = 9.4.1;
					};
				};
			};
			buildConfigurationList = C99C2FED211B0C43005E949B /* Build configuration list for PBXProject "WaterfallLayout" */;
			compatibilityVersion = "Xcode 9.3";
			developmentRegion = en;
			hasScannedForEncodings = 0;
			knownRegions = (
				en,
				Base,
			);
			mainGroup = C99C2FE9211B0C43005E949B;
			productRefGroup = C99C2FF3211B0C43005E949B /* Products */;
			projectDirPath = "";
			projectRoot = "";
			targets = (
				C99C2FF1211B0C43005E949B /* WaterfallLayout */,
			);
		};
/* End PBXProject section */

/* Begin PBXResourcesBuildPhase section */
		C99C2FF0211B0C43005E949B /* Resources */ = {
			isa = PBXResourcesBuildPhase;
			buildActionMask = 2147483647;
			files = (
				C99C3002211B0C44005E949B /* LaunchScreen.storyboard in Resources */,
				C99C2FFF211B0C44005E949B /* Assets.xcassets in Resources */,
				C99C2FFD211B0C43005E949B /* Main.storyboard in Resources */,
			);
			runOnlyForDeploymentPostprocessing = 0;
		};
/* End PBXResourcesBuildPhase section */

/* Begin PBXSourcesBuildPhase section */
		C99C2FEE211B0C43005E949B /* Sources */ = {
			isa = PBXSourcesBuildPhase;
			buildActionMask = 2147483647;
			files = (
				C99C2FFA211B0C43005E949B /* ViewController.m in Sources */,
				C99C3005211B0C44005E949B /* main.m in Sources */,
				C99C2FF7211B0C43005E949B /* AppDelegate.m in Sources */,
			);
			runOnlyForDeploymentPostprocessing = 0;
		};
/* End PBXSourcesBuildPhase section */

/* Begin PBXVariantGroup section */
		C99C2FFB211B0C43005E949B /* Main.storyboard */ = {
			isa = PBXVariantGroup;
			children = (
				C99C2FFC211B0C43005E949B /* Base */,
			);
			name = Main.storyboard;
			sourceTree = "<group>";
		};
		C99C3000211B0C44005E949B /* LaunchScreen.storyboard */ = {
			isa = PBXVariantGroup;
			children = (
				C99C3001211B0C44005E949B /* Base */,
			);
			name = LaunchScreen.storyboard;
			sourceTree = "<group>";
		};
/* End PBXVariantGroup section */

/* Begin XCBuildConfiguration section */
		C99C3006211B0C44005E949B /* Debug */ = {
			isa = XCBuildConfiguration;
			buildSettings = {
				ALWAYS_SEARCH_USER_PATHS = NO;
				CLANG_ANALYZER_NONNULL = YES;
				CLANG_ANALYZER_NUMBER_OBJECT_CONVERSION = YES_AGGRESSIVE;
				CLANG_CXX_LANGUAGE_STANDARD = "gnu++14";
				CLANG_CXX_LIBRARY = "libc++";
				CLANG_ENABLE_MODULES = YES;
				CLANG_ENABLE_OBJC_ARC = YES;
				CLANG_ENABLE_OBJC_WEAK = YES;
				CLANG_WARN_BLOCK_CAPTURE_AUTORELEASING = YES;
				CLANG_WARN_BOOL_CONVERSION = YES;
				CLANG_WARN_COMMA = YES;
				CLANG_WARN_CONSTANT_CONVERSION = YES;
				CLANG_WARN_DEPRECATED_OBJC_IMPLEMENTATIONS = YES;
				CLANG_WARN_DIRECT_OBJC_ISA_USAGE = YES_ERROR;
				CLANG_WARN_DOCUMENTATION_COMMENTS = YES;
				CLANG_WARN_EMPTY_BODY = YES;
				CLANG_WARN_ENUM_CONVERSION = YES;
				CLANG_WARN_INFINITE_RECURSION = YES;
				CLANG_WARN_INT_CONVERSION = YES;
				CLANG_WARN_NON_LITERAL_NULL_CONVERSION = YES;
				CLANG_WARN_OBJC_IMPLICIT_RETAIN_SELF = YES;
				CLANG_WARN_OBJC_LITERAL_CONVERSION = YES;
				CLANG_WARN_OBJC_ROOT_CLASS = YES_ERROR;
				CLANG_WARN_RANGE_LOOP_ANALYSIS = YES;
				CLANG_WARN_STRICT_PROTOTYPES = YES;
				CLANG_WARN_SUSPICIOUS_MOVE = YES;
				CLANG_WARN_UNGUARDED_AVAILABILITY = YES_AGGRESSIVE;
				CLANG_WARN_UNREACHABLE_CODE = YES;
				CLANG_WARN__DUPLICATE_METHOD_MATCH = YES;
				CODE_SIGN_IDENTITY = "iPhone Developer";
				COPY_PHASE_STRIP = NO;
				DEBUG_INFORMATION_FORMAT = dwarf;
				ENABLE_STRICT_OBJC_MSGSEND = YES;
				ENABLE_TESTABILITY = YES;
				GCC_C_LANGUAGE_STANDARD = gnu11;
				GCC_DYNAMIC_NO_PIC = NO;
				GCC_NO_COMMON_BLOCKS = YES;
				GCC_OPTIMIZATION_LEVEL = 0;
				GCC_PREPROCESSOR_DEFINITIONS = (
					"DEBUG=1",
					"$(inherited)",
				);
				GCC_WARN_64_TO_32_BIT_CONVERSION = YES;
				GCC_WARN_ABOUT_RETURN_TYPE = YES_ERROR;
				GCC_WARN_UNDECLARED_SELECTOR = YES;
				GCC_WARN_UNINITIALIZED_AUTOS = YES_AGGRESSIVE;
				GCC_WARN_UNUSED_FUNCTION = YES;
				GCC_WARN_UNUSED_VARIABLE = YES;
				IPHONEOS_DEPLOYMENT_TARGET = 11.4;
				MTL_ENABLE_DEBUG_INFO = YES;
				ONLY_ACTIVE_ARCH = YES;
				SDKROOT = iphoneos;
			};
			name = Debug;
		};
		C99C3007211B0C44005E949B /* Release */ = {
			isa = XCBuildConfiguration;
			buildSettings = {
				ALWAYS_SEARCH_USER_PATHS = NO;
				CLANG_ANALYZER_NONNULL = YES;
				CLANG_ANALYZER_NUMBER_OBJECT_CONVERSION = YES_AGGRESSIVE;
				CLANG_CXX_LANGUAGE_STANDARD = "gnu++14";
				CLANG_CXX_LIBRARY = "libc++";
				CLANG_ENABLE_MODULES = YES;
				CLANG_ENABLE_OBJC_ARC = YES;
				CLANG_ENABLE_OBJC_WEAK = YES;
				CLANG_WARN_BLOCK_CAPTURE_AUTORELEASING = YES;
				CLANG_WARN_BOOL_CONVERSION = YES;
				CLANG_WARN_COMMA = YES;
				CLANG_WARN_CONSTANT_CONVERSION = YES;
				CLANG_WARN_DEPRECATED_OBJC_IMPLEMENTATIONS = YES;
				CLANG_WARN_DIRECT_OBJC_ISA_USAGE = YES_ERROR;
				CLANG_WARN_DOCUMENTATION_COMMENTS = YES;
				CLANG_WARN_EMPTY_BODY = YES;
				CLANG_WARN_ENUM_CONVERSION = YES;
				CLANG_WARN_INFINITE_RECURSION = YES;
				CLANG_WARN_INT_CONVERSION = YES;
				CLANG_WARN_NON_LITERAL_NULL_CONVERSION = YES;
				CLANG_WARN_OBJC_IMPLICIT_RETAIN_SELF = YES;
				CLANG_WARN_OBJC_LITERAL_CONVERSION = YES;
				CLANG_WARN_OBJC_ROOT_CLASS = YES_ERROR;
				CLANG_WARN_RANGE_LOOP_ANALYSIS = YES;
				CLANG_WARN_STRICT_PROTOTYPES = YES;
				CLANG_WARN_SUSPICIOUS_MOVE = YES;
				CLANG_WARN_UNGUARDED_AVAILABILITY = YES_AGGRESSIVE;
				CLANG_WARN_UNREACHABLE_CODE = YES;
				CLANG_WARN__DUPLICATE_METHOD_MATCH = YES;
				CODE_SIGN_IDENTITY = "iPhone Developer";
				COPY_PHASE_STRIP = NO;
				DEBUG_INFORMATION_FORMAT = "dwarf-with-dsym";
				ENABLE_NS_ASSERTIONS = NO;
				ENABLE_STRICT_OBJC_MSGSEND = YES;
				GCC_C_LANGUAGE_STANDARD = gnu11;
				GCC_NO_COMMON_BLOCKS = YES;
				GCC_WARN_64_TO_32_BIT_CONVERSION = YES;
				GCC_WARN_ABOUT_RETURN_TYPE = YES_ERROR;
				GCC_WARN_UNDECLARED_SELECTOR = YES;
				GCC_WARN_UNINITIALIZED_AUTOS = YES_AGGRESSIVE;
				GCC_WARN_UNUSED_FUNCTION = YES;
				GCC_WARN_UNUSED_VARIABLE = YES;
				IPHONEOS_DEPLOYMENT_TARGET = 11.4;
				MTL_ENABLE_DEBUG_INFO = NO;
				SDKROOT = iphoneos;
				VALIDATE_PRODUCT = YES;
			};
			name = Release;
		};
		C99C3009211B0C44005E949B /* Debug */ = {
			isa = XCBuildConfiguration;
			buildSettings = {
				ASSETCATALOG_COMPILER_APPICON_NAME = AppIcon;
				CODE_SIGN_STYLE = Automatic;
				DEVELOPMENT_TEAM = 9667A46C8L;
				INFOPLIST_FILE = WaterfallLayout/Info.plist;
				LD_RUNPATH_SEARCH_PATHS = (
					"$(inherited)",
					"@executable_path/Frameworks",
				);
				PRODUCT_BUNDLE_IDENTIFIER = mob.WaterfallLayout;
				PRODUCT_NAME = "$(TARGET_NAME)";
				TARGETED_DEVICE_FAMILY = "1,2";
			};
			name = Debug;
		};
		C99C300A211B0C44005E949B /* Release */ = {
			isa = XCBuildConfiguration;
			buildSettings = {
				ASSETCATALOG_COMPILER_APPICON_NAME = AppIcon;
				CODE_SIGN_STYLE = Automatic;
				DEVELOPMENT_TEAM = 9667A46C8L;
				INFOPLIST_FILE = WaterfallLayout/Info.plist;
				LD_RUNPATH_SEARCH_PATHS = (
					"$(inherited)",
					"@executable_path/Frameworks",
				);
				PRODUCT_BUNDLE_IDENTIFIER = mob.WaterfallLayout;
				PRODUCT_NAME = "$(TARGET_NAME)";
				TARGETED_DEVICE_FAMILY = "1,2";
			};
			name = Release;
		};
/* End XCBuildConfiguration section */

/* Begin XCConfigurationList section */
		C99C2FED211B0C43005E949B /* Build configuration list for PBXProject "WaterfallLayout" */ = {
			isa = XCConfigurationList;
			buildConfigurations = (
				C99C3006211B0C44005E949B /* Debug */,
				C99C3007211B0C44005E949B /* Release */,
			);
			defaultConfigurationIsVisible = 0;
			defaultConfigurationName = Release;
		};
		C99C3008211B0C44005E949B /* Build configuration list for PBXNativeTarget "WaterfallLayout" */ = {
			isa = XCConfigurationList;
			buildConfigurations = (
				C99C3009211B0C44005E949B /* Debug */,
				C99C300A211B0C44005E949B /* Release */,
			);
			defaultConfigurationIsVisible = 0;
			defaultConfigurationName = Release;
		};
/* End XCConfigurationList section */
	};
	rootObject = C99C2FEA211B0C43005E949B /* Project object */;
}
